
Microsoft Visual Studio Solution File, Format Version 12.00
# Visual Studio Version 17
VisualStudioVersion = 17.5.33516.290
MinimumVisualStudioVersion = 10.0.40219.1
Project("{FAE04EC0-301F-11D3-BF4B-00C04F79EFBC}") = "game", "game\game.csproj", "{EAC62F43-043A-473A-9A9F-44AF0C59C59B}"
EndProject
Global
	GlobalSection(SolutionConfigurationPlatforms) = preSolution
		Debug|Any CPU = Debug|Any CPU
		Release|Any CPU = Release|Any CPU
	EndGlobalSection
	GlobalSection(ProjectConfigurationPlatforms) = postSolution
		{EAC62F43-043A-473A-9A9F-44AF0C59C59B}.Debug|Any CPU.ActiveCfg = Debug|Any CPU
		{EAC62F43-043A-473A-9A9F-44AF0C59C59B}.Debug|Any CPU.Build.0 = Debug|Any CPU
		{EAC62F43-043A-473A-9A9F-44AF0C59C59B}.Release|Any CPU.ActiveCfg = Release|Any CPU
		{EAC62F43-043A-473A-9A9F-44AF0C59C59B}.Release|Any CPU.Build.0 = Release|Any CPU
	EndGlobalSection
	GlobalSection(SolutionProperties) = preSolution
		HideSolutionNode = FALSE
	EndGlobalSection
	GlobalSection(ExtensibilityGlobals) = postSolution
		SolutionGuid = {4E31F60C-6C7C-45A3-95E0-6C19FD18169D}
	EndGlobalSection
EndGlobal
